// !$*UTF8*$!
{
	archiveVersion = 1;
	classes = {
	};
	objectVersion = 45;
	objects = {

/* Begin PBXBuildFile section */
		04221536120071E90011C415 /* UIKit.framework in Frameworks */ = {isa = PBXBuildFile; fileRef = 04221535120071E90011C415 /* UIKit.framework */; };
		0422155E120072700011C415 /* CrossPlatform.m in Sources */ = {isa = PBXBuildFile; fileRef = 04221549120072700011C415 /* CrossPlatform.m */; };
		04221561120072700011C415 /* EngineRoom.m in Sources */ = {isa = PBXBuildFile; fileRef = 0422154C120072700011C415 /* EngineRoom.m */; };
		04221563120072700011C415 /* er_util.c in Sources */ = {isa = PBXBuildFile; fileRef = 0422154E120072700011C415 /* er_util.c */; };
		04221566120072700011C415 /* LogPoint.m in Sources */ = {isa = PBXBuildFile; fileRef = 04221551120072700011C415 /* LogPoint.m */; };
		0422156E120072700011C415 /* logpoints.m in Sources */ = {isa = PBXBuildFile; fileRef = 04221559120072700011C415 /* logpoints.m */; };
		04221571120072700011C415 /* tracer.m in Sources */ = {isa = PBXBuildFile; fileRef = 0422155C120072700011C415 /* tracer.m */; };
		04221578120073CA0011C415 /* EngineRoomController.m in Sources */ = {isa = PBXBuildFile; fileRef = 04221576120073CA0011C415 /* EngineRoomController.m */; };
		04290AB412D2872100E06235 /* CrossPlatform_Images.m in Sources */ = {isa = PBXBuildFile; fileRef = 04290AA812D2872100E06235 /* CrossPlatform_Images.m */; };
		04290AB512D2872100E06235 /* CrossPlatform_NSValue_CGGeometry.m in Sources */ = {isa = PBXBuildFile; fileRef = 04290AAB12D2872100E06235 /* CrossPlatform_NSValue_CGGeometry.m */; };
		045AE31E14617A9900C4FBB4 /* NSBundle_ERExtensions.m in Sources */ = {isa = PBXBuildFile; fileRef = 045AE31914617A9900C4FBB4 /* NSBundle_ERExtensions.m */; };
		045AE31F14617A9900C4FBB4 /* NSObject_ERExtensions.m in Sources */ = {isa = PBXBuildFile; fileRef = 045AE31B14617A9900C4FBB4 /* NSObject_ERExtensions.m */; };
		045AE32014617A9900C4FBB4 /* NSPropertyListSerialization_ERExtensions.m in Sources */ = {isa = PBXBuildFile; fileRef = 045AE31D14617A9900C4FBB4 /* NSPropertyListSerialization_ERExtensions.m */; };
		047DA182135CF59600B20CDD /* ERColor.m in Sources */ = {isa = PBXBuildFile; fileRef = 047DA17B135CF59600B20CDD /* ERColor.m */; };
		047DA183135CF59600B20CDD /* ERColorTransformer.m in Sources */ = {isa = PBXBuildFile; fileRef = 047DA17D135CF59600B20CDD /* ERColorTransformer.m */; };
		047DA184135CF59600B20CDD /* ERValueConverter.m in Sources */ = {isa = PBXBuildFile; fileRef = 047DA17F135CF59600B20CDD /* ERValueConverter.m */; };
		047DA185135CF59600B20CDD /* ERValueTransformer.m in Sources */ = {isa = PBXBuildFile; fileRef = 047DA181135CF59600B20CDD /* ERValueTransformer.m */; };
		048FE93B14618E2400BC2546 /* Convenience.h in Headers */ = {isa = PBXBuildFile; fileRef = 04C5193D12FE546A00C907EF /* Convenience.h */; settings = {ATTRIBUTES = (Public, ); }; };
		048FE93C14618E2400BC2546 /* NSBundle_ERExtensions.h in Headers */ = {isa = PBXBuildFile; fileRef = 045AE31814617A9900C4FBB4 /* NSBundle_ERExtensions.h */; settings = {ATTRIBUTES = (Public, ); }; };
		048FE93D14618E2400BC2546 /* NSObject_ERExtensions.h in Headers */ = {isa = PBXBuildFile; fileRef = 045AE31A14617A9900C4FBB4 /* NSObject_ERExtensions.h */; settings = {ATTRIBUTES = (Public, ); }; };
		048FE93E14618E2400BC2546 /* NSPropertyListSerialization_ERExtensions.h in Headers */ = {isa = PBXBuildFile; fileRef = 045AE31C14617A9900C4FBB4 /* NSPropertyListSerialization_ERExtensions.h */; settings = {ATTRIBUTES = (Public, ); }; };
		048FE93F14618E2400BC2546 /* ERColor.h in Headers */ = {isa = PBXBuildFile; fileRef = 047DA17A135CF59600B20CDD /* ERColor.h */; settings = {ATTRIBUTES = (Public, ); }; };
		048FE94014618E2400BC2546 /* ERColorTransformer.h in Headers */ = {isa = PBXBuildFile; fileRef = 047DA17C135CF59600B20CDD /* ERColorTransformer.h */; settings = {ATTRIBUTES = (Public, ); }; };
		048FE94114618E2400BC2546 /* ERValueConverter.h in Headers */ = {isa = PBXBuildFile; fileRef = 047DA17E135CF59600B20CDD /* ERValueConverter.h */; settings = {ATTRIBUTES = (Public, ); }; };
		048FE94214618E2400BC2546 /* ERValueTransformer.h in Headers */ = {isa = PBXBuildFile; fileRef = 047DA180135CF59600B20CDD /* ERValueTransformer.h */; settings = {ATTRIBUTES = (Public, ); }; };
		048FE94314618E2400BC2546 /* ERUtility.h in Headers */ = {isa = PBXBuildFile; fileRef = 04C5193F12FE54EF00C907EF /* ERUtility.h */; settings = {ATTRIBUTES = (Public, ); }; };
		048FE94414618E2400BC2546 /* logpoints_base_macros.h in Headers */ = {isa = PBXBuildFile; fileRef = 04290AAF12D2872100E06235 /* logpoints_base_macros.h */; settings = {ATTRIBUTES = (Public, ); }; };
		048FE94514618E2400BC2546 /* logpoints_default_macros.h in Headers */ = {isa = PBXBuildFile; fileRef = 04290AB012D2872100E06235 /* logpoints_default_macros.h */; settings = {ATTRIBUTES = (Public, ); }; };
		048FE94614618E2400BC2546 /* logpoints_default_kinds.h in Headers */ = {isa = PBXBuildFile; fileRef = 04290AB212D2872100E06235 /* logpoints_default_kinds.h */; settings = {ATTRIBUTES = (Public, ); }; };
		048FE94714618E2400BC2546 /* CrossPlatform_Target.h in Headers */ = {isa = PBXBuildFile; fileRef = 04290AAC12D2872100E06235 /* CrossPlatform_Target.h */; settings = {ATTRIBUTES = (Public, ); }; };
		048FE94814618E2400BC2546 /* CrossPlatform_NSString_CGGeometry.h in Headers */ = {isa = PBXBuildFile; fileRef = 04290AA912D2872100E06235 /* CrossPlatform_NSString_CGGeometry.h */; settings = {ATTRIBUTES = (Public, ); }; };
		048FE94914618E2400BC2546 /* CrossPlatform_Utilities.h in Headers */ = {isa = PBXBuildFile; fileRef = 04290AAD12D2872100E06235 /* CrossPlatform_Utilities.h */; settings = {ATTRIBUTES = (Public, ); }; };
		048FE94A14618E2400BC2546 /* CrossPlatform_Images.h in Headers */ = {isa = PBXBuildFile; fileRef = 04290AA712D2872100E06235 /* CrossPlatform_Images.h */; settings = {ATTRIBUTES = (Public, ); }; };
		048FE94B14618E2400BC2546 /* CrossPlatform_NSValue_CGGeometry.h in Headers */ = {isa = PBXBuildFile; fileRef = 04290AAA12D2872100E06235 /* CrossPlatform_NSValue_CGGeometry.h */; settings = {ATTRIBUTES = (Public, ); }; };
		048FE94C14618E2400BC2546 /* CrossPlatform.h in Headers */ = {isa = PBXBuildFile; fileRef = 04221548120072700011C415 /* CrossPlatform.h */; settings = {ATTRIBUTES = (Public, ); }; };
		048FE94D14618E2400BC2546 /* EngineRoomController.h in Headers */ = {isa = PBXBuildFile; fileRef = 04221575120073CA0011C415 /* EngineRoomController.h */; settings = {ATTRIBUTES = (Public, ); }; };
		048FE94E14618E2400BC2546 /* EngineRoom.h in Headers */ = {isa = PBXBuildFile; fileRef = 0422154B120072700011C415 /* EngineRoom.h */; settings = {ATTRIBUTES = (Public, ); }; };
		048FE94F14618E2400BC2546 /* er_compat.h in Headers */ = {isa = PBXBuildFile; fileRef = 0422154D120072700011C415 /* er_compat.h */; settings = {ATTRIBUTES = (Public, ); }; };
		048FE95014618E2400BC2546 /* er_util.h in Headers */ = {isa = PBXBuildFile; fileRef = 0422154F120072700011C415 /* er_util.h */; settings = {ATTRIBUTES = (Public, ); }; };
		048FE95114618E2400BC2546 /* er_macros.h in Headers */ = {isa = PBXBuildFile; fileRef = 04290AAE12D2872100E06235 /* er_macros.h */; settings = {ATTRIBUTES = (Public, ); }; };
		048FE95214618E2400BC2546 /* er_symbols.h in Headers */ = {isa = PBXBuildFile; fileRef = 04AA591D12D6B8B90097656D /* er_symbols.h */; settings = {ATTRIBUTES = (Public, ); }; };
		048FE95314618E2400BC2546 /* LogPoint.h in Headers */ = {isa = PBXBuildFile; fileRef = 04221550120072700011C415 /* LogPoint.h */; settings = {ATTRIBUTES = (Public, ); }; };
		048FE95414618E2400BC2546 /* logpoints_api.h in Headers */ = {isa = PBXBuildFile; fileRef = 04221552120072700011C415 /* logpoints_api.h */; settings = {ATTRIBUTES = (Public, ); }; };
		048FE95514618E2400BC2546 /* logpoints_bk.h in Headers */ = {isa = PBXBuildFile; fileRef = 04221553120072700011C415 /* logpoints_bk.h */; settings = {ATTRIBUTES = (Public, ); }; };
		048FE95614618E2400BC2546 /* logpoints_default_policy.h in Headers */ = {isa = PBXBuildFile; fileRef = 04290AB112D2872100E06235 /* logpoints_default_policy.h */; settings = {ATTRIBUTES = (Public, ); }; };
		048FE95714618E2400BC2546 /* logpoints_default.h in Headers */ = {isa = PBXBuildFile; fileRef = 04221554120072700011C415 /* logpoints_default.h */; settings = {ATTRIBUTES = (Public, ); }; };
		048FE95814618E2400BC2546 /* logpoints_nslog.h in Headers */ = {isa = PBXBuildFile; fileRef = 04290AB312D2872100E06235 /* logpoints_nslog.h */; settings = {ATTRIBUTES = (Public, ); }; };
		048FE95914618E2400BC2546 /* logpoints_private.h in Headers */ = {isa = PBXBuildFile; fileRef = 04221555120072700011C415 /* logpoints_private.h */; settings = {ATTRIBUTES = (Public, ); }; };
		048FE95A14618E2400BC2546 /* logpoints_types.h in Headers */ = {isa = PBXBuildFile; fileRef = 04221556120072700011C415 /* logpoints_types.h */; settings = {ATTRIBUTES = (Public, ); }; };
		048FE95B14618E2400BC2546 /* logpoints.h in Headers */ = {isa = PBXBuildFile; fileRef = 04221558120072700011C415 /* logpoints.h */; settings = {ATTRIBUTES = (Public, ); }; };
		048FE95C14618E2400BC2546 /* tracer.h in Headers */ = {isa = PBXBuildFile; fileRef = 0422155B120072700011C415 /* tracer.h */; settings = {ATTRIBUTES = (Public, ); }; };
		04A0D8D514799F4400585DD5 /* ERCGUtilities.h in Headers */ = {isa = PBXBuildFile; fileRef = 04A0D8D414799F4400585DD5 /* ERCGUtilities.h */; settings = {ATTRIBUTES = (Public, ); }; };
		04C5194512FE54EF00C907EF /* ERUtility.m in Sources */ = {isa = PBXBuildFile; fileRef = 04C5194012FE54EF00C907EF /* ERUtility.m */; };
		AACBBE4A0F95108600F1A2B1 /* Foundation.framework in Frameworks */ = {isa = PBXBuildFile; fileRef = AACBBE490F95108600F1A2B1 /* Foundation.framework */; };
/* End PBXBuildFile section */

/* Begin PBXFileReference section */
		04221535120071E90011C415 /* UIKit.framework */ = {isa = PBXFileReference; lastKnownFileType = wrapper.framework; name = UIKit.framework; path = System/Library/Frameworks/UIKit.framework; sourceTree = SDKROOT; };
		04221548120072700011C415 /* CrossPlatform.h */ = {isa = PBXFileReference; fileEncoding = 4; lastKnownFileType = sourcecode.c.h; path = CrossPlatform.h; sourceTree = "<group>"; };
		04221549120072700011C415 /* CrossPlatform.m */ = {isa = PBXFileReference; fileEncoding = 4; lastKnownFileType = sourcecode.c.objc; path = CrossPlatform.m; sourceTree = "<group>"; };
		0422154A120072700011C415 /* EngineRoom_Prefix.pch */ = {isa = PBXFileReference; fileEncoding = 4; lastKnownFileType = sourcecode.c.h; path = EngineRoom_Prefix.pch; sourceTree = "<group>"; };
		0422154B120072700011C415 /* EngineRoom.h */ = {isa = PBXFileReference; fileEncoding = 4; lastKnownFileType = sourcecode.c.h; path = EngineRoom.h; sourceTree = "<group>"; };
		0422154C120072700011C415 /* EngineRoom.m */ = {isa = PBXFileReference; fileEncoding = 4; lastKnownFileType = sourcecode.c.objc; path = EngineRoom.m; sourceTree = "<group>"; };
		0422154D120072700011C415 /* er_compat.h */ = {isa = PBXFileReference; fileEncoding = 4; lastKnownFileType = sourcecode.c.h; path = er_compat.h; sourceTree = "<group>"; };
		0422154E120072700011C415 /* er_util.c */ = {isa = PBXFileReference; fileEncoding = 4; lastKnownFileType = sourcecode.c.c; path = er_util.c; sourceTree = "<group>"; };
		0422154F120072700011C415 /* er_util.h */ = {isa = PBXFileReference; fileEncoding = 4; lastKnownFileType = sourcecode.c.h; path = er_util.h; sourceTree = "<group>"; };
		04221550120072700011C415 /* LogPoint.h */ = {isa = PBXFileReference; fileEncoding = 4; lastKnownFileType = sourcecode.c.h; path = LogPoint.h; sourceTree = "<group>"; };
		04221551120072700011C415 /* LogPoint.m */ = {isa = PBXFileReference; fileEncoding = 4; lastKnownFileType = sourcecode.c.objc; path = LogPoint.m; sourceTree = "<group>"; };
		04221552120072700011C415 /* logpoints_api.h */ = {isa = PBXFileReference; fileEncoding = 4; lastKnownFileType = sourcecode.c.h; path = logpoints_api.h; sourceTree = "<group>"; };
		04221553120072700011C415 /* logpoints_bk.h */ = {isa = PBXFileReference; fileEncoding = 4; lastKnownFileType = sourcecode.c.h; path = logpoints_bk.h; sourceTree = "<group>"; };
		04221554120072700011C415 /* logpoints_default.h */ = {isa = PBXFileReference; fileEncoding = 4; lastKnownFileType = sourcecode.c.h; path = logpoints_default.h; sourceTree = "<group>"; };
		04221555120072700011C415 /* logpoints_private.h */ = {isa = PBXFileReference; fileEncoding = 4; lastKnownFileType = sourcecode.c.h; path = logpoints_private.h; sourceTree = "<group>"; };
		04221556120072700011C415 /* logpoints_types.h */ = {isa = PBXFileReference; fileEncoding = 4; lastKnownFileType = sourcecode.c.h; path = logpoints_types.h; sourceTree = "<group>"; };
		04221557120072700011C415 /* logpoints.c */ = {isa = PBXFileReference; fileEncoding = 4; lastKnownFileType = sourcecode.c.c; path = logpoints.c; sourceTree = "<group>"; };
		04221558120072700011C415 /* logpoints.h */ = {isa = PBXFileReference; fileEncoding = 4; lastKnownFileType = sourcecode.c.h; path = logpoints.h; sourceTree = "<group>"; };
		04221559120072700011C415 /* logpoints.m */ = {isa = PBXFileReference; fileEncoding = 4; lastKnownFileType = sourcecode.c.objc; path = logpoints.m; sourceTree = "<group>"; };
		0422155A120072700011C415 /* tracer.c */ = {isa = PBXFileReference; fileEncoding = 4; lastKnownFileType = sourcecode.c.c; path = tracer.c; sourceTree = "<group>"; };
		0422155B120072700011C415 /* tracer.h */ = {isa = PBXFileReference; fileEncoding = 4; lastKnownFileType = sourcecode.c.h; path = tracer.h; sourceTree = "<group>"; };
		0422155C120072700011C415 /* tracer.m */ = {isa = PBXFileReference; fileEncoding = 4; lastKnownFileType = sourcecode.c.objc; path = tracer.m; sourceTree = "<group>"; };
		04221575120073CA0011C415 /* EngineRoomController.h */ = {isa = PBXFileReference; fileEncoding = 4; lastKnownFileType = sourcecode.c.h; path = EngineRoomController.h; sourceTree = "<group>"; };
		04221576120073CA0011C415 /* EngineRoomController.m */ = {isa = PBXFileReference; fileEncoding = 4; lastKnownFileType = sourcecode.c.objc; path = EngineRoomController.m; sourceTree = "<group>"; };
		04290AA712D2872100E06235 /* CrossPlatform_Images.h */ = {isa = PBXFileReference; fileEncoding = 4; lastKnownFileType = sourcecode.c.h; path = CrossPlatform_Images.h; sourceTree = "<group>"; };
		04290AA812D2872100E06235 /* CrossPlatform_Images.m */ = {isa = PBXFileReference; fileEncoding = 4; lastKnownFileType = sourcecode.c.objc; path = CrossPlatform_Images.m; sourceTree = "<group>"; };
		04290AA912D2872100E06235 /* CrossPlatform_NSString_CGGeometry.h */ = {isa = PBXFileReference; fileEncoding = 4; lastKnownFileType = sourcecode.c.h; path = CrossPlatform_NSString_CGGeometry.h; sourceTree = "<group>"; };
		04290AAA12D2872100E06235 /* CrossPlatform_NSValue_CGGeometry.h */ = {isa = PBXFileReference; fileEncoding = 4; lastKnownFileType = sourcecode.c.h; path = CrossPlatform_NSValue_CGGeometry.h; sourceTree = "<group>"; };
		04290AAB12D2872100E06235 /* CrossPlatform_NSValue_CGGeometry.m */ = {isa = PBXFileReference; fileEncoding = 4; lastKnownFileType = sourcecode.c.objc; path = CrossPlatform_NSValue_CGGeometry.m; sourceTree = "<group>"; };
		04290AAC12D2872100E06235 /* CrossPlatform_Target.h */ = {isa = PBXFileReference; fileEncoding = 4; lastKnownFileType = sourcecode.c.h; path = CrossPlatform_Target.h; sourceTree = "<group>"; };
		04290AAD12D2872100E06235 /* CrossPlatform_Utilities.h */ = {isa = PBXFileReference; fileEncoding = 4; lastKnownFileType = sourcecode.c.h; path = CrossPlatform_Utilities.h; sourceTree = "<group>"; };
		04290AAE12D2872100E06235 /* er_macros.h */ = {isa = PBXFileReference; fileEncoding = 4; lastKnownFileType = sourcecode.c.h; path = er_macros.h; sourceTree = "<group>"; };
		04290AAF12D2872100E06235 /* logpoints_base_macros.h */ = {isa = PBXFileReference; fileEncoding = 4; lastKnownFileType = sourcecode.c.h; path = logpoints_base_macros.h; sourceTree = "<group>"; };
		04290AB012D2872100E06235 /* logpoints_default_macros.h */ = {isa = PBXFileReference; fileEncoding = 4; lastKnownFileType = sourcecode.c.h; path = logpoints_default_macros.h; sourceTree = "<group>"; };
		04290AB112D2872100E06235 /* logpoints_default_policy.h */ = {isa = PBXFileReference; fileEncoding = 4; lastKnownFileType = sourcecode.c.h; path = logpoints_default_policy.h; sourceTree = "<group>"; };
		04290AB212D2872100E06235 /* logpoints_default_kinds.h */ = {isa = PBXFileReference; fileEncoding = 4; lastKnownFileType = sourcecode.c.h; path = logpoints_default_kinds.h; sourceTree = "<group>"; };
		04290AB312D2872100E06235 /* logpoints_nslog.h */ = {isa = PBXFileReference; fileEncoding = 4; lastKnownFileType = sourcecode.c.h; path = logpoints_nslog.h; sourceTree = "<group>"; };
		045AE31814617A9900C4FBB4 /* NSBundle_ERExtensions.h */ = {isa = PBXFileReference; fileEncoding = 4; lastKnownFileType = sourcecode.c.h; path = NSBundle_ERExtensions.h; sourceTree = "<group>"; };
		045AE31914617A9900C4FBB4 /* NSBundle_ERExtensions.m */ = {isa = PBXFileReference; fileEncoding = 4; lastKnownFileType = sourcecode.c.objc; path = NSBundle_ERExtensions.m; sourceTree = "<group>"; };
		045AE31A14617A9900C4FBB4 /* NSObject_ERExtensions.h */ = {isa = PBXFileReference; fileEncoding = 4; lastKnownFileType = sourcecode.c.h; path = NSObject_ERExtensions.h; sourceTree = "<group>"; };
		045AE31B14617A9900C4FBB4 /* NSObject_ERExtensions.m */ = {isa = PBXFileReference; fileEncoding = 4; lastKnownFileType = sourcecode.c.objc; path = NSObject_ERExtensions.m; sourceTree = "<group>"; };
		045AE31C14617A9900C4FBB4 /* NSPropertyListSerialization_ERExtensions.h */ = {isa = PBXFileReference; fileEncoding = 4; lastKnownFileType = sourcecode.c.h; path = NSPropertyListSerialization_ERExtensions.h; sourceTree = "<group>"; };
		045AE31D14617A9900C4FBB4 /* NSPropertyListSerialization_ERExtensions.m */ = {isa = PBXFileReference; fileEncoding = 4; lastKnownFileType = sourcecode.c.objc; path = NSPropertyListSerialization_ERExtensions.m; sourceTree = "<group>"; };
		047DA17A135CF59600B20CDD /* ERColor.h */ = {isa = PBXFileReference; fileEncoding = 4; lastKnownFileType = sourcecode.c.h; path = ERColor.h; sourceTree = "<group>"; };
		047DA17B135CF59600B20CDD /* ERColor.m */ = {isa = PBXFileReference; fileEncoding = 4; lastKnownFileType = sourcecode.c.objc; path = ERColor.m; sourceTree = "<group>"; };
		047DA17C135CF59600B20CDD /* ERColorTransformer.h */ = {isa = PBXFileReference; fileEncoding = 4; lastKnownFileType = sourcecode.c.h; path = ERColorTransformer.h; sourceTree = "<group>"; };
		047DA17D135CF59600B20CDD /* ERColorTransformer.m */ = {isa = PBXFileReference; fileEncoding = 4; lastKnownFileType = sourcecode.c.objc; path = ERColorTransformer.m; sourceTree = "<group>"; };
		047DA17E135CF59600B20CDD /* ERValueConverter.h */ = {isa = PBXFileReference; fileEncoding = 4; lastKnownFileType = sourcecode.c.h; path = ERValueConverter.h; sourceTree = "<group>"; };
		047DA17F135CF59600B20CDD /* ERValueConverter.m */ = {isa = PBXFileReference; fileEncoding = 4; lastKnownFileType = sourcecode.c.objc; path = ERValueConverter.m; sourceTree = "<group>"; };
		047DA180135CF59600B20CDD /* ERValueTransformer.h */ = {isa = PBXFileReference; fileEncoding = 4; lastKnownFileType = sourcecode.c.h; path = ERValueTransformer.h; sourceTree = "<group>"; };
		047DA181135CF59600B20CDD /* ERValueTransformer.m */ = {isa = PBXFileReference; fileEncoding = 4; lastKnownFileType = sourcecode.c.objc; path = ERValueTransformer.m; sourceTree = "<group>"; };
		04A0D8D414799F4400585DD5 /* ERCGUtilities.h */ = {isa = PBXFileReference; fileEncoding = 4; lastKnownFileType = sourcecode.c.h; path = ERCGUtilities.h; sourceTree = "<group>"; };
		04AA591D12D6B8B90097656D /* er_symbols.h */ = {isa = PBXFileReference; fileEncoding = 4; lastKnownFileType = sourcecode.c.h; path = er_symbols.h; sourceTree = "<group>"; };
		04C5193D12FE546A00C907EF /* Convenience.h */ = {isa = PBXFileReference; fileEncoding = 4; lastKnownFileType = sourcecode.c.h; path = Convenience.h; sourceTree = "<group>"; };
		04C5193F12FE54EF00C907EF /* ERUtility.h */ = {isa = PBXFileReference; fileEncoding = 4; lastKnownFileType = sourcecode.c.h; path = ERUtility.h; sourceTree = "<group>"; };
		04C5194012FE54EF00C907EF /* ERUtility.m */ = {isa = PBXFileReference; fileEncoding = 4; lastKnownFileType = sourcecode.c.objc; path = ERUtility.m; sourceTree = "<group>"; };
		AACBBE490F95108600F1A2B1 /* Foundation.framework */ = {isa = PBXFileReference; lastKnownFileType = wrapper.framework; name = Foundation.framework; path = System/Library/Frameworks/Foundation.framework; sourceTree = SDKROOT; };
		D2AAC07E0554694100DB518D /* libEngineRoom.a */ = {isa = PBXFileReference; explicitFileType = archive.ar; includeInIndex = 0; path = libEngineRoom.a; sourceTree = BUILT_PRODUCTS_DIR; };
/* End PBXFileReference section */

/* Begin PBXFrameworksBuildPhase section */
		D2AAC07C0554694100DB518D /* Frameworks */ = {
			isa = PBXFrameworksBuildPhase;
			buildActionMask = 2147483647;
			files = (
				AACBBE4A0F95108600F1A2B1 /* Foundation.framework in Frameworks */,
				04221536120071E90011C415 /* UIKit.framework in Frameworks */,
			);
			runOnlyForDeploymentPostprocessing = 0;
		};
/* End PBXFrameworksBuildPhase section */

/* Begin PBXGroup section */
		034768DFFF38A50411DB9C8B /* Products */ = {
			isa = PBXGroup;
			children = (
				D2AAC07E0554694100DB518D /* libEngineRoom.a */,
			);
			name = Products;
			sourceTree = "<group>";
		};
		04221547120072320011C415 /* Sources-Common */ = {
			isa = PBXGroup;
			children = (
				04C5193D12FE546A00C907EF /* Convenience.h */,
				04C5193E12FE547D00C907EF /* ERUtility */,
				04290AAF12D2872100E06235 /* logpoints_base_macros.h */,
				04290AB012D2872100E06235 /* logpoints_default_macros.h */,
				04290AB212D2872100E06235 /* logpoints_default_kinds.h */,
				04290AB712D2873200E06235 /* CrossPlatform */,
				04221575120073CA0011C415 /* EngineRoomController.h */,
				04221576120073CA0011C415 /* EngineRoomController.m */,
				0422154A120072700011C415 /* EngineRoom_Prefix.pch */,
				0422154B120072700011C415 /* EngineRoom.h */,
				0422154C120072700011C415 /* EngineRoom.m */,
				0422154D120072700011C415 /* er_compat.h */,
				0422154E120072700011C415 /* er_util.c */,
				0422154F120072700011C415 /* er_util.h */,
				04290AAE12D2872100E06235 /* er_macros.h */,
				04AA591D12D6B8B90097656D /* er_symbols.h */,
				04221550120072700011C415 /* LogPoint.h */,
				04221551120072700011C415 /* LogPoint.m */,
				04221552120072700011C415 /* logpoints_api.h */,
				04221553120072700011C415 /* logpoints_bk.h */,
				04290AB112D2872100E06235 /* logpoints_default_policy.h */,
				04221554120072700011C415 /* logpoints_default.h */,
				04290AB312D2872100E06235 /* logpoints_nslog.h */,
				04221555120072700011C415 /* logpoints_private.h */,
				04221556120072700011C415 /* logpoints_types.h */,
				04221557120072700011C415 /* logpoints.c */,
				04221558120072700011C415 /* logpoints.h */,
				04221559120072700011C415 /* logpoints.m */,
				0422155A120072700011C415 /* tracer.c */,
				0422155B120072700011C415 /* tracer.h */,
				0422155C120072700011C415 /* tracer.m */,
			);
			name = "Sources-Common";
			path = ../EngineRoom;
			sourceTree = "<group>";
		};
		04290AB712D2873200E06235 /* CrossPlatform */ = {
			isa = PBXGroup;
			children = (
				04290AAC12D2872100E06235 /* CrossPlatform_Target.h */,
				04290AA912D2872100E06235 /* CrossPlatform_NSString_CGGeometry.h */,
				04290AAD12D2872100E06235 /* CrossPlatform_Utilities.h */,
				04290AA712D2872100E06235 /* CrossPlatform_Images.h */,
				04290AA812D2872100E06235 /* CrossPlatform_Images.m */,
				04290AAA12D2872100E06235 /* CrossPlatform_NSValue_CGGeometry.h */,
				04290AAB12D2872100E06235 /* CrossPlatform_NSValue_CGGeometry.m */,
				04221548120072700011C415 /* CrossPlatform.h */,
				04221549120072700011C415 /* CrossPlatform.m */,
			);
			name = CrossPlatform;
			sourceTree = "<group>";
		};
		04C5193E12FE547D00C907EF /* ERUtility */ = {
			isa = PBXGroup;
			children = (
				045AE31814617A9900C4FBB4 /* NSBundle_ERExtensions.h */,
				045AE31914617A9900C4FBB4 /* NSBundle_ERExtensions.m */,
				045AE31A14617A9900C4FBB4 /* NSObject_ERExtensions.h */,
				045AE31B14617A9900C4FBB4 /* NSObject_ERExtensions.m */,
				045AE31C14617A9900C4FBB4 /* NSPropertyListSerialization_ERExtensions.h */,
				045AE31D14617A9900C4FBB4 /* NSPropertyListSerialization_ERExtensions.m */,
				047DA17A135CF59600B20CDD /* ERColor.h */,
				047DA17B135CF59600B20CDD /* ERColor.m */,
				047DA17C135CF59600B20CDD /* ERColorTransformer.h */,
				047DA17D135CF59600B20CDD /* ERColorTransformer.m */,
				047DA17E135CF59600B20CDD /* ERValueConverter.h */,
				047DA17F135CF59600B20CDD /* ERValueConverter.m */,
				047DA180135CF59600B20CDD /* ERValueTransformer.h */,
				047DA181135CF59600B20CDD /* ERValueTransformer.m */,
				04C5193F12FE54EF00C907EF /* ERUtility.h */,
				04C5194012FE54EF00C907EF /* ERUtility.m */,
				04A0D8D414799F4400585DD5 /* ERCGUtilities.h */,
			);
			path = ERUtility;
			sourceTree = "<group>";
		};
		0867D691FE84028FC02AAC07 /* EngineRoom-iOS */ = {
			isa = PBXGroup;
			children = (
				04221547120072320011C415 /* Sources-Common */,
				08FB77AEFE84172EC02AAC07 /* Sources-iOS */,
				0867D69AFE84028FC02AAC07 /* Frameworks */,
				034768DFFF38A50411DB9C8B /* Products */,
			);
			name = "EngineRoom-iOS";
			sourceTree = "<group>";
		};
		0867D69AFE84028FC02AAC07 /* Frameworks */ = {
			isa = PBXGroup;
			children = (
				AACBBE490F95108600F1A2B1 /* Foundation.framework */,
				04221535120071E90011C415 /* UIKit.framework */,
			);
			name = Frameworks;
			sourceTree = "<group>";
		};
		08FB77AEFE84172EC02AAC07 /* Sources-iOS */ = {
			isa = PBXGroup;
			children = (
			);
			path = "Sources-iOS";
			sourceTree = "<group>";
		};
/* End PBXGroup section */

/* Begin PBXHeadersBuildPhase section */
		048FE93A14618DE400BC2546 /* Headers */ = {
			isa = PBXHeadersBuildPhase;
			buildActionMask = 2147483647;
			files = (
				048FE93B14618E2400BC2546 /* Convenience.h in Headers */,
				048FE93C14618E2400BC2546 /* NSBundle_ERExtensions.h in Headers */,
				048FE93D14618E2400BC2546 /* NSObject_ERExtensions.h in Headers */,
				048FE93E14618E2400BC2546 /* NSPropertyListSerialization_ERExtensions.h in Headers */,
				048FE93F14618E2400BC2546 /* ERColor.h in Headers */,
				048FE94014618E2400BC2546 /* ERColorTransformer.h in Headers */,
				048FE94114618E2400BC2546 /* ERValueConverter.h in Headers */,
				048FE94214618E2400BC2546 /* ERValueTransformer.h in Headers */,
				048FE94314618E2400BC2546 /* ERUtility.h in Headers */,
				048FE94414618E2400BC2546 /* logpoints_base_macros.h in Headers */,
				048FE94514618E2400BC2546 /* logpoints_default_macros.h in Headers */,
				048FE94614618E2400BC2546 /* logpoints_default_kinds.h in Headers */,
				048FE94714618E2400BC2546 /* CrossPlatform_Target.h in Headers */,
				048FE94814618E2400BC2546 /* CrossPlatform_NSString_CGGeometry.h in Headers */,
				048FE94914618E2400BC2546 /* CrossPlatform_Utilities.h in Headers */,
				048FE94A14618E2400BC2546 /* CrossPlatform_Images.h in Headers */,
				048FE94B14618E2400BC2546 /* CrossPlatform_NSValue_CGGeometry.h in Headers */,
				048FE94C14618E2400BC2546 /* CrossPlatform.h in Headers */,
				048FE94D14618E2400BC2546 /* EngineRoomController.h in Headers */,
				048FE94E14618E2400BC2546 /* EngineRoom.h in Headers */,
				048FE94F14618E2400BC2546 /* er_compat.h in Headers */,
				048FE95014618E2400BC2546 /* er_util.h in Headers */,
				048FE95114618E2400BC2546 /* er_macros.h in Headers */,
				048FE95214618E2400BC2546 /* er_symbols.h in Headers */,
				048FE95314618E2400BC2546 /* LogPoint.h in Headers */,
				048FE95414618E2400BC2546 /* logpoints_api.h in Headers */,
				048FE95514618E2400BC2546 /* logpoints_bk.h in Headers */,
				048FE95614618E2400BC2546 /* logpoints_default_policy.h in Headers */,
				048FE95714618E2400BC2546 /* logpoints_default.h in Headers */,
				048FE95814618E2400BC2546 /* logpoints_nslog.h in Headers */,
				048FE95914618E2400BC2546 /* logpoints_private.h in Headers */,
				048FE95A14618E2400BC2546 /* logpoints_types.h in Headers */,
				048FE95B14618E2400BC2546 /* logpoints.h in Headers */,
				048FE95C14618E2400BC2546 /* tracer.h in Headers */,
				04A0D8D514799F4400585DD5 /* ERCGUtilities.h in Headers */,
			);
			runOnlyForDeploymentPostprocessing = 0;
		};
/* End PBXHeadersBuildPhase section */

/* Begin PBXNativeTarget section */
		D2AAC07D0554694100DB518D /* EngineRoom-iOS */ = {
			isa = PBXNativeTarget;
			buildConfigurationList = 1DEB921E08733DC00010E9CD /* Build configuration list for PBXNativeTarget "EngineRoom-iOS" */;
			buildPhases = (
				D2AAC07B0554694100DB518D /* Sources */,
				D2AAC07C0554694100DB518D /* Frameworks */,
				048FE93A14618DE400BC2546 /* Headers */,
			);
			buildRules = (
			);
			dependencies = (
			);
			name = "EngineRoom-iOS";
			productName = "EngineRoom-iOS";
			productReference = D2AAC07E0554694100DB518D /* libEngineRoom.a */;
			productType = "com.apple.product-type.library.static";
		};
/* End PBXNativeTarget section */

/* Begin PBXProject section */
		0867D690FE84028FC02AAC07 /* Project object */ = {
			isa = PBXProject;
			buildConfigurationList = 1DEB922208733DC00010E9CD /* Build configuration list for PBXProject "EngineRoom-iOS" */;
			compatibilityVersion = "Xcode 3.1";
			developmentRegion = English;
			hasScannedForEncodings = 1;
			knownRegions = (
				English,
				Japanese,
				French,
				German,
			);
			mainGroup = 0867D691FE84028FC02AAC07 /* EngineRoom-iOS */;
			productRefGroup = 034768DFFF38A50411DB9C8B /* Products */;
			projectDirPath = "";
			projectRoot = "";
			targets = (
				D2AAC07D0554694100DB518D /* EngineRoom-iOS */,
			);
		};
/* End PBXProject section */

/* Begin PBXSourcesBuildPhase section */
		D2AAC07B0554694100DB518D /* Sources */ = {
			isa = PBXSourcesBuildPhase;
			buildActionMask = 2147483647;
			files = (
				0422155E120072700011C415 /* CrossPlatform.m in Sources */,
				04221561120072700011C415 /* EngineRoom.m in Sources */,
				04221563120072700011C415 /* er_util.c in Sources */,
				04221566120072700011C415 /* LogPoint.m in Sources */,
				0422156E120072700011C415 /* logpoints.m in Sources */,
				04221571120072700011C415 /* tracer.m in Sources */,
				04221578120073CA0011C415 /* EngineRoomController.m in Sources */,
				04290AB412D2872100E06235 /* CrossPlatform_Images.m in Sources */,
				04290AB512D2872100E06235 /* CrossPlatform_NSValue_CGGeometry.m in Sources */,
				04C5194512FE54EF00C907EF /* ERUtility.m in Sources */,
				047DA182135CF59600B20CDD /* ERColor.m in Sources */,
				047DA183135CF59600B20CDD /* ERColorTransformer.m in Sources */,
				047DA184135CF59600B20CDD /* ERValueConverter.m in Sources */,
				047DA185135CF59600B20CDD /* ERValueTransformer.m in Sources */,
				045AE31E14617A9900C4FBB4 /* NSBundle_ERExtensions.m in Sources */,
				045AE31F14617A9900C4FBB4 /* NSObject_ERExtensions.m in Sources */,
				045AE32014617A9900C4FBB4 /* NSPropertyListSerialization_ERExtensions.m in Sources */,
			);
			runOnlyForDeploymentPostprocessing = 0;
		};
/* End PBXSourcesBuildPhase section */

/* Begin XCBuildConfiguration section */
		0495ED7414738E3C002EBC5C /* Adhoc */ = {
			isa = XCBuildConfiguration;
			buildSettings = {
				ARCHS = (
					armv6,
					"$(ARCHS_STANDARD_32_BIT)",
				);
				DEPLOYMENT_LOCATION = NO;
				DYLIB_COMPATIBILITY_VERSION = 1;
				DYLIB_CURRENT_VERSION = 1.0.0;
				GCC_C_LANGUAGE_STANDARD = gnu99;
				GCC_OPTIMIZATION_LEVEL = s;
				GCC_VERSION = "";
				GCC_WARN_ABOUT_RETURN_TYPE = YES;
				GCC_WARN_UNUSED_VARIABLE = YES;
				HEADER_SEARCH_PATHS = .;
				IPHONEOS_DEPLOYMENT_TARGET = 3.0;
				OTHER_LDFLAGS = "-ObjC";
				PREBINDING = NO;
				RUN_CLANG_STATIC_ANALYZER = YES;
				SDKROOT = iphoneos;
				TARGETED_DEVICE_FAMILY = "1,2";
			};
			name = Adhoc;
		};
		0495ED7514738E3C002EBC5C /* Adhoc */ = {
			isa = XCBuildConfiguration;
			buildSettings = {
				ALWAYS_SEARCH_USER_PATHS = NO;
				DSTROOT = /tmp/EngineRoom_iOS.dst;
				GCC_MODEL_TUNING = G5;
				GCC_PRECOMPILE_PREFIX_HEADER = YES;
				GCC_PREFIX_HEADER = ../EngineRoom/EngineRoom_Prefix.pch;
				INSTALL_PATH = /usr/local/lib;
				PRODUCT_NAME = EngineRoom;
				PUBLIC_HEADERS_FOLDER_PATH = ../../Headers/EngineRoom;
				SKIP_INSTALL = YES;
				VALID_ARCHS = "i386 armv6 armv7";
			};
			name = Adhoc;
		};
		1DEB921F08733DC00010E9CD /* Debug */ = {
			isa = XCBuildConfiguration;
			buildSettings = {
				ALWAYS_SEARCH_USER_PATHS = NO;
				COPY_PHASE_STRIP = NO;
				DSTROOT = /tmp/EngineRoom_iOS.dst;
				GCC_DYNAMIC_NO_PIC = NO;
				GCC_ENABLE_FIX_AND_CONTINUE = YES;
				GCC_MODEL_TUNING = G5;
				GCC_OPTIMIZATION_LEVEL = 0;
				GCC_PRECOMPILE_PREFIX_HEADER = YES;
				GCC_PREFIX_HEADER = ../EngineRoom/EngineRoom_Prefix.pch;
				INSTALL_PATH = /usr/local/lib;
				PRODUCT_NAME = EngineRoom;
				PUBLIC_HEADERS_FOLDER_PATH = ../../Headers/EngineRoom;
				SKIP_INSTALL = YES;
				VALID_ARCHS = "i386 armv6 armv7";
			};
			name = Debug;
		};
		1DEB922008733DC00010E9CD /* Release */ = {
			isa = XCBuildConfiguration;
			buildSettings = {
				ALWAYS_SEARCH_USER_PATHS = NO;
				DSTROOT = /tmp/EngineRoom_iOS.dst;
				GCC_MODEL_TUNING = G5;
				GCC_PRECOMPILE_PREFIX_HEADER = YES;
				GCC_PREFIX_HEADER = ../EngineRoom/EngineRoom_Prefix.pch;
				INSTALL_PATH = /usr/local/lib;
				PRODUCT_NAME = EngineRoom;
				PUBLIC_HEADERS_FOLDER_PATH = ../../Headers/EngineRoom;
				SKIP_INSTALL = YES;
				VALID_ARCHS = "i386 armv6 armv7";
			};
			name = Release;
		};
		1DEB922308733DC00010E9CD /* Debug */ = {
			isa = XCBuildConfiguration;
			buildSettings = {
				ARCHS = (
					armv6,
					"$(ARCHS_STANDARD_32_BIT)",
				);
				DEPLOYMENT_LOCATION = NO;
				DYLIB_COMPATIBILITY_VERSION = 1;
				DYLIB_CURRENT_VERSION = 1.0.0;
				GCC_C_LANGUAGE_STANDARD = gnu99;
				GCC_OPTIMIZATION_LEVEL = s;
				GCC_VERSION = "";
				GCC_WARN_ABOUT_RETURN_TYPE = YES;
				GCC_WARN_UNUSED_VARIABLE = YES;
				HEADER_SEARCH_PATHS = .;
				IPHONEOS_DEPLOYMENT_TARGET = 3.0;
				OTHER_LDFLAGS = "-ObjC";
				PREBINDING = NO;
				RUN_CLANG_STATIC_ANALYZER = YES;
				SDKROOT = iphoneos;
				TARGETED_DEVICE_FAMILY = "1,2";
			};
			name = Debug;
		};
		1DEB922408733DC00010E9CD /* Release */ = {
			isa = XCBuildConfiguration;
			buildSettings = {
				ARCHS = (
					armv6,
					"$(ARCHS_STANDARD_32_BIT)",
				);
				DEPLOYMENT_LOCATION = NO;
				DYLIB_COMPATIBILITY_VERSION = 1;
				DYLIB_CURRENT_VERSION = 1.0.0;
				GCC_C_LANGUAGE_STANDARD = gnu99;
				GCC_OPTIMIZATION_LEVEL = s;
				GCC_VERSION = "";
				GCC_WARN_ABOUT_RETURN_TYPE = YES;
				GCC_WARN_UNUSED_VARIABLE = YES;
				HEADER_SEARCH_PATHS = .;
				IPHONEOS_DEPLOYMENT_TARGET = 3.0;
				OTHER_LDFLAGS = "-ObjC";
				PREBINDING = NO;
				RUN_CLANG_STATIC_ANALYZER = YES;
				SDKROOT = iphoneos;
				TARGETED_DEVICE_FAMILY = "1,2";
			};
			name = Release;
		};
/* End XCBuildConfiguration section */

/* Begin XCConfigurationList section */
		1DEB921E08733DC00010E9CD /* Build configuration list for PBXNativeTarget "EngineRoom-iOS" */ = {
			isa = XCConfigurationList;
			buildConfigurations = (
				1DEB921F08733DC00010E9CD /* Debug */,
				1DEB922008733DC00010E9CD /* Release */,
				0495ED7514738E3C002EBC5C /* Adhoc */,
			);
			defaultConfigurationIsVisible = 0;
			defaultConfigurationName = Release;
		};
		1DEB922208733DC00010E9CD /* Build configuration list for PBXProject "EngineRoom-iOS" */ = {
			isa = XCConfigurationList;
			buildConfigurations = (
				1DEB922308733DC00010E9CD /* Debug */,
				1DEB922408733DC00010E9CD /* Release */,
				0495ED7414738E3C002EBC5C /* Adhoc */,
			);
			defaultConfigurationIsVisible = 0;
			defaultConfigurationName = Release;
		};
/* End XCConfigurationList section */
	};
	rootObject = 0867D690FE84028FC02AAC07 /* Project object */;
}
